
Microsoft Visual Studio Solution File, Format Version 12.00
# Visual Studio Version 17
VisualStudioVersion = 17.5.33103.201
MinimumVisualStudioVersion = 10.0.40219.1
Project("{FAE04EC0-301F-11D3-BF4B-00C04F79EFBC}") = "Redux", "Redux\Redux.csproj", "{44EF34CA-B371-4548-AD50-243C266E6CAA}"
EndProject
Project("{FAE04EC0-301F-11D3-BF4B-00C04F79EFBC}") = "example", "..\..\..\example\example.csproj", "{B56E2427-8447-44F4-A8A3-46272124D9BE}"
EndProject
Global
	GlobalSection(SolutionConfigurationPlatforms) = preSolution
		Debug|Any CPU = Debug|Any CPU
		Release|Any CPU = Release|Any CPU
	EndGlobalSection
	GlobalSection(ProjectConfigurationPlatforms) = postSolution
		{44EF34CA-B371-4548-AD50-243C266E6CAA}.Debug|Any CPU.ActiveCfg = Debug|Any CPU
		{44EF34CA-B371-4548-AD50-243C266E6CAA}.Debug|Any CPU.Build.0 = Debug|Any CPU
		{44EF34CA-B371-4548-AD50-243C266E6CAA}.Release|Any CPU.ActiveCfg = Release|Any CPU
		{44EF34CA-B371-4548-AD50-243C266E6CAA}.Release|Any CPU.Build.0 = Release|Any CPU
		{B56E2427-8447-44F4-A8A3-46272124D9BE}.Debug|Any CPU.ActiveCfg = Debug|Any CPU
		{B56E2427-8447-44F4-A8A3-46272124D9BE}.Debug|Any CPU.Build.0 = Debug|Any CPU
		{B56E2427-8447-44F4-A8A3-46272124D9BE}.Debug|Any CPU.Deploy.0 = Debug|Any CPU
		{B56E2427-8447-44F4-A8A3-46272124D9BE}.Release|Any CPU.ActiveCfg = Release|Any CPU
		{B56E2427-8447-44F4-A8A3-46272124D9BE}.Release|Any CPU.Build.0 = Release|Any CPU
		{B56E2427-8447-44F4-A8A3-46272124D9BE}.Release|Any CPU.Deploy.0 = Release|Any CPU
	EndGlobalSection
	GlobalSection(SolutionProperties) = preSolution
		HideSolutionNode = FALSE
	EndGlobalSection
	GlobalSection(ExtensibilityGlobals) = postSolution
		SolutionGuid = {1C9C9545-0AA3-4B67-866D-C8D648E5D93C}
	EndGlobalSection
EndGlobal
